<?xml version="1.0" encoding="utf-8"?>
<Project ToolsVersion="4.0" xmlns="http://schemas.microsoft.com/developer/msbuild/2003">
  <ItemGroup>
    <Filter Include="Engine">
      <UniqueIdentifier>{9e3810c6-7351-440b-936d-869f0ac3165c}</UniqueIdentifier>
    </Filter>
    <Filter Include="Default">
      <UniqueIdentifier>{5f1f3aec-22bd-4905-b17e-c676e794518d}</UniqueIdentifier>
    </Filter>
    <Filter Include="Default\리소스 파일">
      <UniqueIdentifier>{67DA6AB6-F800-4c08-8B7A-83BB121AAD01}</UniqueIdentifier>
      <Extensions>rc;ico;cur;bmp;dlg;rc2;rct;bin;rgs;gif;jpg;jpeg;jpe;resx;tiff;tif;png;wav;mfcribbon-ms</Extensions>
    </Filter>
    <Filter Include="Engine\01. Header">
      <UniqueIdentifier>{814471fc-738a-4ad2-8e47-2942860098b4}</UniqueIdentifier>
    </Filter>
    <Filter Include="Engine\03. Manager">
      <UniqueIdentifier>{02ebfd6f-48ae-4ae8-8553-7858f3df8ac6}</UniqueIdentifier>
    </Filter>
    <Filter Include="Engine\04. Object">
      <UniqueIdentifier>{e77496c0-25f8-4898-a091-e4a3ac25d694}</UniqueIdentifier>
    </Filter>
    <Filter Include="Engine\03. Manager\KeyMgr">
      <UniqueIdentifier>{508e8320-bc62-417a-b5b2-52d6a4907828}</UniqueIdentifier>
    </Filter>
    <Filter Include="Engine\03. Manager\FrameMgr">
      <UniqueIdentifier>{edcda459-0667-4da5-8216-6656540fcab6}</UniqueIdentifier>
    </Filter>
    <Filter Include="Engine\02. Framework">
      <UniqueIdentifier>{27f8f325-99d7-4c7e-a786-d27003c41e71}</UniqueIdentifier>
    </Filter>
    <Filter Include="Engine\05. Scene">
      <UniqueIdentifier>{e89c3d99-00a2-45df-b037-0df29fb658b0}</UniqueIdentifier>
    </Filter>
    <Filter Include="Engine\03. Manager\SceneMgr">
      <UniqueIdentifier>{e4a9f47b-a016-4ae5-aa40-e0642d8bd73b}</UniqueIdentifier>
    </Filter>
    <Filter Include="Engine\05. Scene\01. Title">
      <UniqueIdentifier>{04dbf45c-fb18-4118-9443-4fd8d1f0a16e}</UniqueIdentifier>
    </Filter>
    <Filter Include="Engine\05. Scene\02. Start">
      <UniqueIdentifier>{a0a6107b-3fc9-489d-86f5-0f9b5114adad}</UniqueIdentifier>
    </Filter>
    <Filter Include="Engine\04. Object\Player">
      <UniqueIdentifier>{556dd310-e94d-4891-afc3-d55f87dcf7f8}</UniqueIdentifier>
    </Filter>
    <Filter Include="Engine\04. Object\Monster">
      <UniqueIdentifier>{320a9744-ef69-4e19-a87c-2313a09dbd15}</UniqueIdentifier>
    </Filter>
    <Filter Include="Engine\04. Object\Weapon">
      <UniqueIdentifier>{0acdf348-eb04-495f-907b-6f01eacd3a09}</UniqueIdentifier>
    </Filter>
  </ItemGroup>
  <ItemGroup>
    <ClInclude Include="targetver.h">
      <Filter>Default</Filter>
    </ClInclude>
    <ClInclude Include="Resource.h">
      <Filter>Default</Filter>
    </ClInclude>
    <ClInclude Include="framework.h">
      <Filter>Default</Filter>
    </ClInclude>
    <ClInclude Include="define.h">
      <Filter>Engine\01. Header</Filter>
    </ClInclude>
    <ClInclude Include="pch.h" />
    <ClInclude Include="CObject.h">
      <Filter>Engine\04. Object</Filter>
    </ClInclude>
    <ClInclude Include="struct.h">
      <Filter>Engine\01. Header</Filter>
    </ClInclude>
    <ClInclude Include="CKeyMgr.h">
      <Filter>Engine\03. Manager\KeyMgr</Filter>
    </ClInclude>
    <ClInclude Include="CFrameMgr.h">
      <Filter>Engine\03. Manager\FrameMgr</Filter>
    </ClInclude>
    <ClInclude Include="CFramework.h">
      <Filter>Engine\02. Framework</Filter>
    </ClInclude>
    <ClInclude Include="CScene.h">
      <Filter>Engine\05. Scene</Filter>
    </ClInclude>
    <ClInclude Include="CSceneMgr.h">
      <Filter>Engine\03. Manager\SceneMgr</Filter>
    </ClInclude>
    <ClInclude Include="CStart.h">
      <Filter>Engine\05. Scene\02. Start</Filter>
    </ClInclude>
    <ClInclude Include="CPlayer.h">
      <Filter>Engine\04. Object\Player</Filter>
    </ClInclude>
    <ClInclude Include="CMonster.h">
      <Filter>Engine\04. Object\Monster</Filter>
    </ClInclude>
    <ClInclude Include="CMissile.h">
      <Filter>Engine\04. Object\Weapon</Filter>
    </ClInclude>
  </ItemGroup>
  <ItemGroup>
    <ResourceCompile Include="Project1.rc">
      <Filter>Default\리소스 파일</Filter>
    </ResourceCompile>
  </ItemGroup>
  <ItemGroup>
    <Image Include="small.ico">
      <Filter>Default\리소스 파일</Filter>
    </Image>
    <Image Include="Project1.ico">
      <Filter>Default\리소스 파일</Filter>
    </Image>
  </ItemGroup>
  <ItemGroup>
    <ClCompile Include="CObject.cpp">
      <Filter>Engine\04. Object</Filter>
    </ClCompile>
    <ClCompile Include="CKeyMgr.cpp">
      <Filter>Engine\03. Manager\KeyMgr</Filter>
    </ClCompile>
    <ClCompile Include="CFrameMgr.cpp">
      <Filter>Engine\03. Manager\FrameMgr</Filter>
    </ClCompile>
    <ClCompile Include="CFramework.cpp">
      <Filter>Engine\02. Framework</Filter>
    </ClCompile>
    <ClCompile Include="CScene.cpp">
      <Filter>Engine\05. Scene</Filter>
    </ClCompile>
    <ClCompile Include="CSceneMgr.cpp">
      <Filter>Engine\03. Manager\SceneMgr</Filter>
    </ClCompile>
    <ClCompile Include="CStart.cpp">
      <Filter>Engine\05. Scene\02. Start</Filter>
    </ClCompile>
    <ClCompile Include="main.cpp" />
    <ClCompile Include="CPlayer.cpp">
      <Filter>Engine\04. Object\Player</Filter>
    </ClCompile>
    <ClCompile Include="CMonster.cpp">
      <Filter>Engine\04. Object\Monster</Filter>
    </ClCompile>
    <ClCompile Include="CMissile.cpp">
      <Filter>Engine\04. Object\Weapon</Filter>
    </ClCompile>
  </ItemGroup>
</Project>